// !$*UTF8*$!
{
	archiveVersion = 1;
	classes = {
	};
	objectVersion = 48;
	objects = {

/* Begin PBXBuildFile section */
		F4CFFBB91F8D619E0015E97A /* AppDelegate.swift in Sources */ = {isa = PBXBuildFile; fileRef = F4CFFBB81F8D619E0015E97A /* AppDelegate.swift */; };
		F4CFFBBE1F8D619E0015E97A /* Main.storyboard in Resources */ = {isa = PBXBuildFile; fileRef = F4CFFBBC1F8D619E0015E97A /* Main.storyboard */; };
		F4CFFBC01F8D619E0015E97A /* Assets.xcassets in Resources */ = {isa = PBXBuildFile; fileRef = F4CFFBBF1F8D619E0015E97A /* Assets.xcassets */; };
		F4CFFBC31F8D619E0015E97A /* LaunchScreen.storyboard in Resources */ = {isa = PBXBuildFile; fileRef = F4CFFBC11F8D619E0015E97A /* LaunchScreen.storyboard */; };
		F4CFFBCB1F8D63B70015E97A /* ScheduleTableViewController.swift in Sources */ = {isa = PBXBuildFile; fileRef = F4CFFBCA1F8D63B70015E97A /* ScheduleTableViewController.swift */; };
		F4CFFBCD1F8D65CD0015E97A /* NewEventViewController.swift in Sources */ = {isa = PBXBuildFile; fileRef = F4CFFBCC1F8D65CD0015E97A /* NewEventViewController.swift */; };
		F4CFFBCF1F8D66520015E97A /* EventInfoViewController.swift in Sources */ = {isa = PBXBuildFile; fileRef = F4CFFBCE1F8D66520015E97A /* EventInfoViewController.swift */; };
		F4CFFBD21F8D71090015E97A /* Event.swift in Sources */ = {isa = PBXBuildFile; fileRef = F4CFFBD01F8D71080015E97A /* Event.swift */; };
		F4CFFBD31F8D71090015E97A /* Schedule.swift in Sources */ = {isa = PBXBuildFile; fileRef = F4CFFBD11F8D71090015E97A /* Schedule.swift */; };
		F4CFFBD71F8D8EA60015E97A /* Protocol.swift in Sources */ = {isa = PBXBuildFile; fileRef = F4CFFBD61F8D8EA60015E97A /* Protocol.swift */; };
/* End PBXBuildFile section */

/* Begin PBXFileReference section */
		F4CFFBB51F8D619E0015E97A /* EventScheduler.app */ = {isa = PBXFileReference; explicitFileType = wrapper.application; includeInIndex = 0; path = EventScheduler.app; sourceTree = BUILT_PRODUCTS_DIR; };
		F4CFFBB81F8D619E0015E97A /* AppDelegate.swift */ = {isa = PBXFileReference; lastKnownFileType = sourcecode.swift; path = AppDelegate.swift; sourceTree = "<group>"; };
		F4CFFBBD1F8D619E0015E97A /* Base */ = {isa = PBXFileReference; lastKnownFileType = file.storyboard; name = Base; path = Base.lproj/Main.storyboard; sourceTree = "<group>"; };
		F4CFFBBF1F8D619E0015E97A /* Assets.xcassets */ = {isa = PBXFileReference; lastKnownFileType = folder.assetcatalog; path = Assets.xcassets; sourceTree = "<group>"; };
		F4CFFBC21F8D619E0015E97A /* Base */ = {isa = PBXFileReference; lastKnownFileType = file.storyboard; name = Base; path = Base.lproj/LaunchScreen.storyboard; sourceTree = "<group>"; };
		F4CFFBC41F8D619E0015E97A /* Info.plist */ = {isa = PBXFileReference; lastKnownFileType = text.plist.xml; path = Info.plist; sourceTree = "<group>"; };
		F4CFFBCA1F8D63B70015E97A /* ScheduleTableViewController.swift */ = {isa = PBXFileReference; lastKnownFileType = sourcecode.swift; path = ScheduleTableViewController.swift; sourceTree = "<group>"; };
		F4CFFBCC1F8D65CD0015E97A /* NewEventViewController.swift */ = {isa = PBXFileReference; lastKnownFileType = sourcecode.swift; path = NewEventViewController.swift; sourceTree = "<group>"; };
		F4CFFBCE1F8D66520015E97A /* EventInfoViewController.swift */ = {isa = PBXFileReference; lastKnownFileType = sourcecode.swift; path = EventInfoViewController.swift; sourceTree = "<group>"; };
		F4CFFBD01F8D71080015E97A /* Event.swift */ = {isa = PBXFileReference; fileEncoding = 4; lastKnownFileType = sourcecode.swift; path = Event.swift; sourceTree = "<group>"; };
		F4CFFBD11F8D71090015E97A /* Schedule.swift */ = {isa = PBXFileReference; fileEncoding = 4; lastKnownFileType = sourcecode.swift; path = Schedule.swift; sourceTree = "<group>"; };
		F4CFFBD61F8D8EA60015E97A /* Protocol.swift */ = {isa = PBXFileReference; lastKnownFileType = sourcecode.swift; path = Protocol.swift; sourceTree = "<group>"; };
/* End PBXFileReference section */

/* Begin PBXFrameworksBuildPhase section */
		F4CFFBB21F8D619E0015E97A /* Frameworks */ = {
			isa = PBXFrameworksBuildPhase;
			buildActionMask = 2147483647;
			files = (
			);
			runOnlyForDeploymentPostprocessing = 0;
		};
/* End PBXFrameworksBuildPhase section */

/* Begin PBXGroup section */
		F4CFFBAC1F8D619E0015E97A = {
			isa = PBXGroup;
			children = (
				F4CFFBB71F8D619E0015E97A /* EventScheduler */,
				F4CFFBB61F8D619E0015E97A /* Products */,
			);
			sourceTree = "<group>";
		};
		F4CFFBB61F8D619E0015E97A /* Products */ = {
			isa = PBXGroup;
			children = (
				F4CFFBB51F8D619E0015E97A /* EventScheduler.app */,
			);
			name = Products;
			sourceTree = "<group>";
		};
		F4CFFBB71F8D619E0015E97A /* EventScheduler */ = {
			isa = PBXGroup;
			children = (
				F4CFFBD01F8D71080015E97A /* Event.swift */,
				F4CFFBD11F8D71090015E97A /* Schedule.swift */,
				F4CFFBB81F8D619E0015E97A /* AppDelegate.swift */,
				F4CFFBBC1F8D619E0015E97A /* Main.storyboard */,
				F4CFFBBF1F8D619E0015E97A /* Assets.xcassets */,
				F4CFFBC11F8D619E0015E97A /* LaunchScreen.storyboard */,
				F4CFFBC41F8D619E0015E97A /* Info.plist */,
				F4CFFBCA1F8D63B70015E97A /* ScheduleTableViewController.swift */,
				F4CFFBCC1F8D65CD0015E97A /* NewEventViewController.swift */,
				F4CFFBCE1F8D66520015E97A /* EventInfoViewController.swift */,
				F4CFFBD61F8D8EA60015E97A /* Protocol.swift */,
			);
			path = EventScheduler;
			sourceTree = "<group>";
		};
/* End PBXGroup section */

/* Begin PBXNativeTarget section */
		F4CFFBB41F8D619E0015E97A /* EventScheduler */ = {
			isa = PBXNativeTarget;
			buildConfigurationList = F4CFFBC71F8D619E0015E97A /* Build configuration list for PBXNativeTarget "EventScheduler" */;
			buildPhases = (
				F4CFFBB11F8D619E0015E97A /* Sources */,
				F4CFFBB21F8D619E0015E97A /* Frameworks */,
				F4CFFBB31F8D619E0015E97A /* Resources */,
			);
			buildRules = (
			);
			dependencies = (
			);
			name = EventScheduler;
			productName = EventScheduler;
			productReference = F4CFFBB51F8D619E0015E97A /* EventScheduler.app */;
			productType = "com.apple.product-type.application";
		};
/* End PBXNativeTarget section */

/* Begin PBXProject section */
		F4CFFBAD1F8D619E0015E97A /* Project object */ = {
			isa = PBXProject;
			attributes = {
				LastSwiftUpdateCheck = 0900;
				LastUpgradeCheck = 0900;
				ORGANIZATIONNAME = "Algonquin College";
				TargetAttributes = {
					F4CFFBB41F8D619E0015E97A = {
						CreatedOnToolsVersion = 9.0;
						ProvisioningStyle = Automatic;
					};
				};
			};
			buildConfigurationList = F4CFFBB01F8D619E0015E97A /* Build configuration list for PBXProject "EventScheduler" */;
			compatibilityVersion = "Xcode 8.0";
			developmentRegion = en;
			hasScannedForEncodings = 0;
			knownRegions = (
				en,
				Base,
			);
			mainGroup = F4CFFBAC1F8D619E0015E97A;
			productRefGroup = F4CFFBB61F8D619E0015E97A /* Products */;
			projectDirPath = "";
			projectRoot = "";
			targets = (
				F4CFFBB41F8D619E0015E97A /* EventScheduler */,
			);
		};
/* End PBXProject section */

/* Begin PBXResourcesBuildPhase section */
		F4CFFBB31F8D619E0015E97A /* Resources */ = {
			isa = PBXResourcesBuildPhase;
			buildActionMask = 2147483647;
			files = (
				F4CFFBC31F8D619E0015E97A /* LaunchScreen.storyboard in Resources */,
				F4CFFBC01F8D619E0015E97A /* Assets.xcassets in Resources */,
				F4CFFBBE1F8D619E0015E97A /* Main.storyboard in Resources */,
			);
			runOnlyForDeploymentPostprocessing = 0;
		};
/* End PBXResourcesBuildPhase section */

/* Begin PBXSourcesBuildPhase section */
		F4CFFBB11F8D619E0015E97A /* Sources */ = {
			isa = PBXSourcesBuildPhase;
			buildActionMask = 2147483647;
			files = (
				F4CFFBD31F8D71090015E97A /* Schedule.swift in Sources */,
				F4CFFBCB1F8D63B70015E97A /* ScheduleTableViewController.swift in Sources */,
				F4CFFBD71F8D8EA60015E97A /* Protocol.swift in Sources */,
				F4CFFBCF1F8D66520015E97A /* EventInfoViewController.swift in Sources */,
				F4CFFBCD1F8D65CD0015E97A /* NewEventViewController.swift in Sources */,
				F4CFFBB91F8D619E0015E97A /* AppDelegate.swift in Sources */,
				F4CFFBD21F8D71090015E97A /* Event.swift in Sources */,
			);
			runOnlyForDeploymentPostprocessing = 0;
		};
/* End PBXSourcesBuildPhase section */

/* Begin PBXVariantGroup section */
		F4CFFBBC1F8D619E0015E97A /* Main.storyboard */ = {
			isa = PBXVariantGroup;
			children = (
				F4CFFBBD1F8D619E0015E97A /* Base */,
			);
			name = Main.storyboard;
			sourceTree = "<group>";
		};
		F4CFFBC11F8D619E0015E97A /* LaunchScreen.storyboard */ = {
			isa = PBXVariantGroup;
			children = (
				F4CFFBC21F8D619E0015E97A /* Base */,
			);
			name = LaunchScreen.storyboard;
			sourceTree = "<group>";
		};
/* End PBXVariantGroup section */

/* Begin XCBuildConfiguration section */
		F4CFFBC51F8D619E0015E97A /* Debug */ = {
			isa = XCBuildConfiguration;
			buildSettings = {
				ALWAYS_SEARCH_USER_PATHS = NO;
				CLANG_ANALYZER_NONNULL = YES;
				CLANG_ANALYZER_NUMBER_OBJECT_CONVERSION = YES_AGGRESSIVE;
				CLANG_CXX_LANGUAGE_STANDARD = "gnu++14";
				CLANG_CXX_LIBRARY = "libc++";
				CLANG_ENABLE_MODULES = YES;
				CLANG_ENABLE_OBJC_ARC = YES;
				CLANG_WARN_BLOCK_CAPTURE_AUTORELEASING = YES;
				CLANG_WARN_BOOL_CONVERSION = YES;
				CLANG_WARN_COMMA = YES;
				CLANG_WARN_CONSTANT_CONVERSION = YES;
				CLANG_WARN_DIRECT_OBJC_ISA_USAGE = YES_ERROR;
				CLANG_WARN_DOCUMENTATION_COMMENTS = YES;
				CLANG_WARN_EMPTY_BODY = YES;
				CLANG_WARN_ENUM_CONVERSION = YES;
				CLANG_WARN_INFINITE_RECURSION = YES;
				CLANG_WARN_INT_CONVERSION = YES;
				CLANG_WARN_NON_LITERAL_NULL_CONVERSION = YES;
				CLANG_WARN_OBJC_LITERAL_CONVERSION = YES;
				CLANG_WARN_OBJC_ROOT_CLASS = YES_ERROR;
				CLANG_WARN_RANGE_LOOP_ANALYSIS = YES;
				CLANG_WARN_STRICT_PROTOTYPES = YES;
				CLANG_WARN_SUSPICIOUS_MOVE = YES;
				CLANG_WARN_UNGUARDED_AVAILABILITY = YES_AGGRESSIVE;
				CLANG_WARN_UNREACHABLE_CODE = YES;
				CLANG_WARN__DUPLICATE_METHOD_MATCH = YES;
				CODE_SIGN_IDENTITY = "iPhone Developer";
				COPY_PHASE_STRIP = NO;
				DEBUG_INFORMATION_FORMAT = dwarf;
				ENABLE_STRICT_OBJC_MSGSEND = YES;
				ENABLE_TESTABILITY = YES;
				GCC_C_LANGUAGE_STANDARD = gnu11;
				GCC_DYNAMIC_NO_PIC = NO;
				GCC_NO_COMMON_BLOCKS = YES;
				GCC_OPTIMIZATION_LEVEL = 0;
				GCC_PREPROCESSOR_DEFINITIONS = (
					"DEBUG=1",
					"$(inherited)",
				);
				GCC_WARN_64_TO_32_BIT_CONVERSION = YES;
				GCC_WARN_ABOUT_RETURN_TYPE = YES_ERROR;
				GCC_WARN_UNDECLARED_SELECTOR = YES;
				GCC_WARN_UNINITIALIZED_AUTOS = YES_AGGRESSIVE;
				GCC_WARN_UNUSED_FUNCTION = YES;
				GCC_WARN_UNUSED_VARIABLE = YES;
				IPHONEOS_DEPLOYMENT_TARGET = 11.0;
				MTL_ENABLE_DEBUG_INFO = YES;
				ONLY_ACTIVE_ARCH = YES;
				SDKROOT = iphoneos;
				SWIFT_ACTIVE_COMPILATION_CONDITIONS = DEBUG;
				SWIFT_OPTIMIZATION_LEVEL = "-Onone";
			};
			name = Debug;
		};
		F4CFFBC61F8D619E0015E97A /* Release */ = {
			isa = XCBuildConfiguration;
			buildSettings = {
				ALWAYS_SEARCH_USER_PATHS = NO;
				CLANG_ANALYZER_NONNULL = YES;
				CLANG_ANALYZER_NUMBER_OBJECT_CONVERSION = YES_AGGRESSIVE;
				CLANG_CXX_LANGUAGE_STANDARD = "gnu++14";
				CLANG_CXX_LIBRARY = "libc++";
				CLANG_ENABLE_MODULES = YES;
				CLANG_ENABLE_OBJC_ARC = YES;
				CLANG_WARN_BLOCK_CAPTURE_AUTORELEASING = YES;
				CLANG_WARN_BOOL_CONVERSION = YES;
				CLANG_WARN_COMMA = YES;
				CLANG_WARN_CONSTANT_CONVERSION = YES;
				CLANG_WARN_DIRECT_OBJC_ISA_USAGE = YES_ERROR;
				CLANG_WARN_DOCUMENTATION_COMMENTS = YES;
				CLANG_WARN_EMPTY_BODY = YES;
				CLANG_WARN_ENUM_CONVERSION = YES;
				CLANG_WARN_INFINITE_RECURSION = YES;
				CLANG_WARN_INT_CONVERSION = YES;
				CLANG_WARN_NON_LITERAL_NULL_CONVERSION = YES;
				CLANG_WARN_OBJC_LITERAL_CONVERSION = YES;
				CLANG_WARN_OBJC_ROOT_CLASS = YES_ERROR;
				CLANG_WARN_RANGE_LOOP_ANALYSIS = YES;
				CLANG_WARN_STRICT_PROTOTYPES = YES;
				CLANG_WARN_SUSPICIOUS_MOVE = YES;
				CLANG_WARN_UNGUARDED_AVAILABILITY = YES_AGGRESSIVE;
				CLANG_WARN_UNREACHABLE_CODE = YES;
				CLANG_WARN__DUPLICATE_METHOD_MATCH = YES;
				CODE_SIGN_IDENTITY = "iPhone Developer";
				COPY_PHASE_STRIP = NO;
				DEBUG_INFORMATION_FORMAT = "dwarf-with-dsym";
				ENABLE_NS_ASSERTIONS = NO;
				ENABLE_STRICT_OBJC_MSGSEND = YES;
				GCC_C_LANGUAGE_STANDARD = gnu11;
				GCC_NO_COMMON_BLOCKS = YES;
				GCC_WARN_64_TO_32_BIT_CONVERSION = YES;
				GCC_WARN_ABOUT_RETURN_TYPE = YES_ERROR;
				GCC_WARN_UNDECLARED_SELECTOR = YES;
				GCC_WARN_UNINITIALIZED_AUTOS = YES_AGGRESSIVE;
				GCC_WARN_UNUSED_FUNCTION = YES;
				GCC_WARN_UNUSED_VARIABLE = YES;
				IPHONEOS_DEPLOYMENT_TARGET = 11.0;
				MTL_ENABLE_DEBUG_INFO = NO;
				SDKROOT = iphoneos;
				SWIFT_OPTIMIZATION_LEVEL = "-Owholemodule";
				VALIDATE_PRODUCT = YES;
			};
			name = Release;
		};
		F4CFFBC81F8D619E0015E97A /* Debug */ = {
			isa = XCBuildConfiguration;
			buildSettings = {
				ASSETCATALOG_COMPILER_APPICON_NAME = AppIcon;
				CODE_SIGN_STYLE = Automatic;
				INFOPLIST_FILE = EventScheduler/Info.plist;
				LD_RUNPATH_SEARCH_PATHS = "$(inherited) @executable_path/Frameworks";
				PRODUCT_BUNDLE_IDENTIFIER = com.AlgonquinCollege.riba0007.EventScheduler;
				PRODUCT_NAME = "$(TARGET_NAME)";
				SWIFT_VERSION = 4.0;
				TARGETED_DEVICE_FAMILY = "1,2";
			};
			name = Debug;
		};
		F4CFFBC91F8D619E0015E97A /* Release */ = {
			isa = XCBuildConfiguration;
			buildSettings = {
				ASSETCATALOG_COMPILER_APPICON_NAME = AppIcon;
				CODE_SIGN_STYLE = Automatic;
				INFOPLIST_FILE = EventScheduler/Info.plist;
				LD_RUNPATH_SEARCH_PATHS = "$(inherited) @executable_path/Frameworks";
				PRODUCT_BUNDLE_IDENTIFIER = com.AlgonquinCollege.riba0007.EventScheduler;
				PRODUCT_NAME = "$(TARGET_NAME)";
				SWIFT_VERSION = 4.0;
				TARGETED_DEVICE_FAMILY = "1,2";
			};
			name = Release;
		};
/* End XCBuildConfiguration section */

/* Begin XCConfigurationList section */
		F4CFFBB01F8D619E0015E97A /* Build configuration list for PBXProject "EventScheduler" */ = {
			isa = XCConfigurationList;
			buildConfigurations = (
				F4CFFBC51F8D619E0015E97A /* Debug */,
				F4CFFBC61F8D619E0015E97A /* Release */,
			);
			defaultConfigurationIsVisible = 0;
			defaultConfigurationName = Release;
		};
		F4CFFBC71F8D619E0015E97A /* Build configuration list for PBXNativeTarget "EventScheduler" */ = {
			isa = XCConfigurationList;
			buildConfigurations = (
				F4CFFBC81F8D619E0015E97A /* Debug */,
				F4CFFBC91F8D619E0015E97A /* Release */,
			);
			defaultConfigurationIsVisible = 0;
			defaultConfigurationName = Release;
		};
/* End XCConfigurationList section */
	};
	rootObject = F4CFFBAD1F8D619E0015E97A /* Project object */;
}
